
Microsoft Visual Studio Solution File, Format Version 12.00
# Visual Studio Version 16
VisualStudioVersion = 16.0.32901.82
MinimumVisualStudioVersion = 10.0.40219.1
Project("{FAE04EC0-301F-11D3-BF4B-00C04F79EFBC}") = "HackMD.API", "HackMD.API.csproj", "{F29E9E6A-51E6-4748-8188-FBE02EE900BB}"
EndProject
Global
	GlobalSection(SolutionConfigurationPlatforms) = preSolution
		Debug|Any CPU = Debug|Any CPU
		Release|Any CPU = Release|Any CPU
	EndGlobalSection
	GlobalSection(ProjectConfigurationPlatforms) = postSolution
		{F29E9E6A-51E6-4748-8188-FBE02EE900BB}.Debug|Any CPU.ActiveCfg = Debug|Any CPU
		{F29E9E6A-51E6-4748-8188-FBE02EE900BB}.Debug|Any CPU.Build.0 = Debug|Any CPU
		{F29E9E6A-51E6-4748-8188-FBE02EE900BB}.Release|Any CPU.ActiveCfg = Release|Any CPU
		{F29E9E6A-51E6-4748-8188-FBE02EE900BB}.Release|Any CPU.Build.0 = Release|Any CPU
	EndGlobalSection
	GlobalSection(SolutionProperties) = preSolution
		HideSolutionNode = FALSE
	EndGlobalSection
	GlobalSection(ExtensibilityGlobals) = postSolution
		SolutionGuid = {64F7807A-FAAF-4F92-A344-012627DD9A1F}
	EndGlobalSection
EndGlobal
